// !$*UTF8*$!
{
	archiveVersion = 1;
	classes = {
	};
	objectVersion = 46;
	objects = {

/* Begin PBXBuildFile section */
		07EC03591D39E0C90088E5BE /* main.m in Sources */ = {isa = PBXBuildFile; fileRef = 07EC03581D39E0C90088E5BE /* main.m */; };
		07EC035C1D39E0C90088E5BE /* AppDelegate.m in Sources */ = {isa = PBXBuildFile; fileRef = 07EC035B1D39E0C90088E5BE /* AppDelegate.m */; };
		07EC035F1D39E0C90088E5BE /* ViewController.m in Sources */ = {isa = PBXBuildFile; fileRef = 07EC035E1D39E0C90088E5BE /* ViewController.m */; };
		07EC03621D39E0C90088E5BE /* Main.storyboard in Resources */ = {isa = PBXBuildFile; fileRef = 07EC03601D39E0C90088E5BE /* Main.storyboard */; };
		07EC03641D39E0C90088E5BE /* Assets.xcassets in Resources */ = {isa = PBXBuildFile; fileRef = 07EC03631D39E0C90088E5BE /* Assets.xcassets */; };
		07EC03671D39E0C90088E5BE /* LaunchScreen.storyboard in Resources */ = {isa = PBXBuildFile; fileRef = 07EC03651D39E0C90088E5BE /* LaunchScreen.storyboard */; };
		07EC038F1D39E2950088E5BE /* HDTableViewCell.m in Sources */ = {isa = PBXBuildFile; fileRef = 07EC038D1D39E2950088E5BE /* HDTableViewCell.m */; };
		07EC03901D39E2950088E5BE /* HDTableViewCell.xib in Resources */ = {isa = PBXBuildFile; fileRef = 07EC038E1D39E2950088E5BE /* HDTableViewCell.xib */; };
		4ABCA5CB1F5134753126CA11 /* libPods-HDTableViewDataSourceDemo.a in Frameworks */ = {isa = PBXBuildFile; fileRef = 2A140E11AC2BDB60D9B760E7 /* libPods-HDTableViewDataSourceDemo.a */; };
		AE4973DA1D3CC35500FBE39E /* UITableView+HDFreshUI.m in Sources */ = {isa = PBXBuildFile; fileRef = AE4973C61D3CC35500FBE39E /* UITableView+HDFreshUI.m */; };
		AE4973DB1D3CC35500FBE39E /* HDBaseTableViewDataSource.m in Sources */ = {isa = PBXBuildFile; fileRef = AE4973C81D3CC35500FBE39E /* HDBaseTableViewDataSource.m */; };
		AE4973DC1D3CC35500FBE39E /* HDCellData.m in Sources */ = {isa = PBXBuildFile; fileRef = AE4973CA1D3CC35500FBE39E /* HDCellData.m */; };
		AE4973DD1D3CC35500FBE39E /* HDSectionData.m in Sources */ = {isa = PBXBuildFile; fileRef = AE4973CC1D3CC35500FBE39E /* HDSectionData.m */; };
		AE4973DE1D3CC35500FBE39E /* HDTableData.m in Sources */ = {isa = PBXBuildFile; fileRef = AE4973CE1D3CC35500FBE39E /* HDTableData.m */; };
		AE4973DF1D3CC35500FBE39E /* HDTableCellMaker.m in Sources */ = {isa = PBXBuildFile; fileRef = AE4973D01D3CC35500FBE39E /* HDTableCellMaker.m */; };
		AE4973E01D3CC35500FBE39E /* HDTableSectionMaker.m in Sources */ = {isa = PBXBuildFile; fileRef = AE4973D21D3CC35500FBE39E /* HDTableSectionMaker.m */; };
		AE4973E11D3CC35500FBE39E /* HDTableViewDataSourceMaker.m in Sources */ = {isa = PBXBuildFile; fileRef = AE4973D51D3CC35500FBE39E /* HDTableViewDataSourceMaker.m */; };
		AE4973E21D3CC35500FBE39E /* UITableView+HD.m in Sources */ = {isa = PBXBuildFile; fileRef = AE4973D71D3CC35500FBE39E /* UITableView+HD.m */; };
		AE4973E31D3CC35500FBE39E /* UITableView+HDTableViewDataSource.m in Sources */ = {isa = PBXBuildFile; fileRef = AE4973D91D3CC35500FBE39E /* UITableView+HDTableViewDataSource.m */; };
/* End PBXBuildFile section */

/* Begin PBXFileReference section */
		07EC03541D39E0C80088E5BE /* HDTableViewDataSourceDemo.app */ = {isa = PBXFileReference; explicitFileType = wrapper.application; includeInIndex = 0; path = HDTableViewDataSourceDemo.app; sourceTree = BUILT_PRODUCTS_DIR; };
		07EC03581D39E0C90088E5BE /* main.m */ = {isa = PBXFileReference; lastKnownFileType = sourcecode.c.objc; path = main.m; sourceTree = "<group>"; };
		07EC035A1D39E0C90088E5BE /* AppDelegate.h */ = {isa = PBXFileReference; lastKnownFileType = sourcecode.c.h; path = AppDelegate.h; sourceTree = "<group>"; };
		07EC035B1D39E0C90088E5BE /* AppDelegate.m */ = {isa = PBXFileReference; lastKnownFileType = sourcecode.c.objc; path = AppDelegate.m; sourceTree = "<group>"; };
		07EC035D1D39E0C90088E5BE /* ViewController.h */ = {isa = PBXFileReference; lastKnownFileType = sourcecode.c.h; path = ViewController.h; sourceTree = "<group>"; };
		07EC035E1D39E0C90088E5BE /* ViewController.m */ = {isa = PBXFileReference; lastKnownFileType = sourcecode.c.objc; path = ViewController.m; sourceTree = "<group>"; };
		07EC03611D39E0C90088E5BE /* Base */ = {isa = PBXFileReference; lastKnownFileType = file.storyboard; name = Base; path = Base.lproj/Main.storyboard; sourceTree = "<group>"; };
		07EC03631D39E0C90088E5BE /* Assets.xcassets */ = {isa = PBXFileReference; lastKnownFileType = folder.assetcatalog; path = Assets.xcassets; sourceTree = "<group>"; };
		07EC03661D39E0C90088E5BE /* Base */ = {isa = PBXFileReference; lastKnownFileType = file.storyboard; name = Base; path = Base.lproj/LaunchScreen.storyboard; sourceTree = "<group>"; };
		07EC03681D39E0C90088E5BE /* Info.plist */ = {isa = PBXFileReference; lastKnownFileType = text.plist.xml; path = Info.plist; sourceTree = "<group>"; };
		07EC038C1D39E2950088E5BE /* HDTableViewCell.h */ = {isa = PBXFileReference; fileEncoding = 4; lastKnownFileType = sourcecode.c.h; path = HDTableViewCell.h; sourceTree = "<group>"; };
		07EC038D1D39E2950088E5BE /* HDTableViewCell.m */ = {isa = PBXFileReference; fileEncoding = 4; lastKnownFileType = sourcecode.c.objc; path = HDTableViewCell.m; sourceTree = "<group>"; };
		07EC038E1D39E2950088E5BE /* HDTableViewCell.xib */ = {isa = PBXFileReference; fileEncoding = 4; lastKnownFileType = file.xib; path = HDTableViewCell.xib; sourceTree = "<group>"; };
		2A140E11AC2BDB60D9B760E7 /* libPods-HDTableViewDataSourceDemo.a */ = {isa = PBXFileReference; explicitFileType = archive.ar; includeInIndex = 0; path = "libPods-HDTableViewDataSourceDemo.a"; sourceTree = BUILT_PRODUCTS_DIR; };
		5DE66D127FA52E6F3FE0137C /* Pods-HDTableViewDataSourceDemo.release.xcconfig */ = {isa = PBXFileReference; includeInIndex = 1; lastKnownFileType = text.xcconfig; name = "Pods-HDTableViewDataSourceDemo.release.xcconfig"; path = "Pods/Target Support Files/Pods-HDTableViewDataSourceDemo/Pods-HDTableViewDataSourceDemo.release.xcconfig"; sourceTree = "<group>"; };
		831AEDE233C4EC2AEBE21594 /* Pods-HDTableViewDataSourceDemo.debug.xcconfig */ = {isa = PBXFileReference; includeInIndex = 1; lastKnownFileType = text.xcconfig; name = "Pods-HDTableViewDataSourceDemo.debug.xcconfig"; path = "Pods/Target Support Files/Pods-HDTableViewDataSourceDemo/Pods-HDTableViewDataSourceDemo.debug.xcconfig"; sourceTree = "<group>"; };
		AE4973C51D3CC35500FBE39E /* UITableView+HDFreshUI.h */ = {isa = PBXFileReference; fileEncoding = 4; lastKnownFileType = sourcecode.c.h; path = "UITableView+HDFreshUI.h"; sourceTree = "<group>"; };
		AE4973C61D3CC35500FBE39E /* UITableView+HDFreshUI.m */ = {isa = PBXFileReference; fileEncoding = 4; lastKnownFileType = sourcecode.c.objc; path = "UITableView+HDFreshUI.m"; sourceTree = "<group>"; };
		AE4973C71D3CC35500FBE39E /* HDBaseTableViewDataSource.h */ = {isa = PBXFileReference; fileEncoding = 4; lastKnownFileType = sourcecode.c.h; path = HDBaseTableViewDataSource.h; sourceTree = "<group>"; };
		AE4973C81D3CC35500FBE39E /* HDBaseTableViewDataSource.m */ = {isa = PBXFileReference; fileEncoding = 4; lastKnownFileType = sourcecode.c.objc; path = HDBaseTableViewDataSource.m; sourceTree = "<group>"; };
		AE4973C91D3CC35500FBE39E /* HDCellData.h */ = {isa = PBXFileReference; fileEncoding = 4; lastKnownFileType = sourcecode.c.h; path = HDCellData.h; sourceTree = "<group>"; };
		AE4973CA1D3CC35500FBE39E /* HDCellData.m */ = {isa = PBXFileReference; fileEncoding = 4; lastKnownFileType = sourcecode.c.objc; path = HDCellData.m; sourceTree = "<group>"; };
		AE4973CB1D3CC35500FBE39E /* HDSectionData.h */ = {isa = PBXFileReference; fileEncoding = 4; lastKnownFileType = sourcecode.c.h; path = HDSectionData.h; sourceTree = "<group>"; };
		AE4973CC1D3CC35500FBE39E /* HDSectionData.m */ = {isa = PBXFileReference; fileEncoding = 4; lastKnownFileType = sourcecode.c.objc; path = HDSectionData.m; sourceTree = "<group>"; };
		AE4973CD1D3CC35500FBE39E /* HDTableData.h */ = {isa = PBXFileReference; fileEncoding = 4; lastKnownFileType = sourcecode.c.h; path = HDTableData.h; sourceTree = "<group>"; };
		AE4973CE1D3CC35500FBE39E /* HDTableData.m */ = {isa = PBXFileReference; fileEncoding = 4; lastKnownFileType = sourcecode.c.objc; path = HDTableData.m; sourceTree = "<group>"; };
		AE4973CF1D3CC35500FBE39E /* HDTableCellMaker.h */ = {isa = PBXFileReference; fileEncoding = 4; lastKnownFileType = sourcecode.c.h; path = HDTableCellMaker.h; sourceTree = "<group>"; };
		AE4973D01D3CC35500FBE39E /* HDTableCellMaker.m */ = {isa = PBXFileReference; fileEncoding = 4; lastKnownFileType = sourcecode.c.objc; path = HDTableCellMaker.m; sourceTree = "<group>"; };
		AE4973D11D3CC35500FBE39E /* HDTableSectionMaker.h */ = {isa = PBXFileReference; fileEncoding = 4; lastKnownFileType = sourcecode.c.h; path = HDTableSectionMaker.h; sourceTree = "<group>"; };
		AE4973D21D3CC35500FBE39E /* HDTableSectionMaker.m */ = {isa = PBXFileReference; fileEncoding = 4; lastKnownFileType = sourcecode.c.objc; path = HDTableSectionMaker.m; sourceTree = "<group>"; };
		AE4973D31D3CC35500FBE39E /* HDTableViewDataSource.h */ = {isa = PBXFileReference; fileEncoding = 4; lastKnownFileType = sourcecode.c.h; path = HDTableViewDataSource.h; sourceTree = "<group>"; };
		AE4973D41D3CC35500FBE39E /* HDTableViewDataSourceMaker.h */ = {isa = PBXFileReference; fileEncoding = 4; lastKnownFileType = sourcecode.c.h; path = HDTableViewDataSourceMaker.h; sourceTree = "<group>"; };
		AE4973D51D3CC35500FBE39E /* HDTableViewDataSourceMaker.m */ = {isa = PBXFileReference; fileEncoding = 4; lastKnownFileType = sourcecode.c.objc; path = HDTableViewDataSourceMaker.m; sourceTree = "<group>"; };
		AE4973D61D3CC35500FBE39E /* UITableView+HD.h */ = {isa = PBXFileReference; fileEncoding = 4; lastKnownFileType = sourcecode.c.h; path = "UITableView+HD.h"; sourceTree = "<group>"; };
		AE4973D71D3CC35500FBE39E /* UITableView+HD.m */ = {isa = PBXFileReference; fileEncoding = 4; lastKnownFileType = sourcecode.c.objc; path = "UITableView+HD.m"; sourceTree = "<group>"; };
		AE4973D81D3CC35500FBE39E /* UITableView+HDTableViewDataSource.h */ = {isa = PBXFileReference; fileEncoding = 4; lastKnownFileType = sourcecode.c.h; path = "UITableView+HDTableViewDataSource.h"; sourceTree = "<group>"; };
		AE4973D91D3CC35500FBE39E /* UITableView+HDTableViewDataSource.m */ = {isa = PBXFileReference; fileEncoding = 4; lastKnownFileType = sourcecode.c.objc; path = "UITableView+HDTableViewDataSource.m"; sourceTree = "<group>"; };
		AE4973E41D3CC38E00FBE39E /* HDCommonHeader.h */ = {isa = PBXFileReference; lastKnownFileType = sourcecode.c.h; path = HDCommonHeader.h; sourceTree = "<group>"; };
/* End PBXFileReference section */

/* Begin PBXFrameworksBuildPhase section */
		07EC03511D39E0C80088E5BE /* Frameworks */ = {
			isa = PBXFrameworksBuildPhase;
			buildActionMask = 2147483647;
			files = (
				4ABCA5CB1F5134753126CA11 /* libPods-HDTableViewDataSourceDemo.a in Frameworks */,
			);
			runOnlyForDeploymentPostprocessing = 0;
		};
/* End PBXFrameworksBuildPhase section */

/* Begin PBXGroup section */
		04C6CF297C9D885508E2985C /* Frameworks */ = {
			isa = PBXGroup;
			children = (
				2A140E11AC2BDB60D9B760E7 /* libPods-HDTableViewDataSourceDemo.a */,
			);
			name = Frameworks;
			sourceTree = "<group>";
		};
		07EC034B1D39E0C80088E5BE = {
			isa = PBXGroup;
			children = (
				07EC036E1D39E0EE0088E5BE /* HDTableViewDataSource */,
				07EC03561D39E0C80088E5BE /* HDTableViewDataSourceDemo */,
				07EC03551D39E0C80088E5BE /* Products */,
				31A4226F5E36B3DF92D60D6C /* Pods */,
				04C6CF297C9D885508E2985C /* Frameworks */,
			);
			sourceTree = "<group>";
		};
		07EC03551D39E0C80088E5BE /* Products */ = {
			isa = PBXGroup;
			children = (
				07EC03541D39E0C80088E5BE /* HDTableViewDataSourceDemo.app */,
			);
			name = Products;
			sourceTree = "<group>";
		};
		07EC03561D39E0C80088E5BE /* HDTableViewDataSourceDemo */ = {
			isa = PBXGroup;
			children = (
				07EC038B1D39E26B0088E5BE /* Cell */,
				07EC035A1D39E0C90088E5BE /* AppDelegate.h */,
				07EC035B1D39E0C90088E5BE /* AppDelegate.m */,
				07EC035D1D39E0C90088E5BE /* ViewController.h */,
				07EC035E1D39E0C90088E5BE /* ViewController.m */,
				07EC03601D39E0C90088E5BE /* Main.storyboard */,
				07EC03631D39E0C90088E5BE /* Assets.xcassets */,
				07EC03651D39E0C90088E5BE /* LaunchScreen.storyboard */,
				07EC03681D39E0C90088E5BE /* Info.plist */,
				07EC03571D39E0C90088E5BE /* Supporting Files */,
			);
			path = HDTableViewDataSourceDemo;
			sourceTree = "<group>";
		};
		07EC03571D39E0C90088E5BE /* Supporting Files */ = {
			isa = PBXGroup;
			children = (
				07EC03581D39E0C90088E5BE /* main.m */,
			);
			name = "Supporting Files";
			sourceTree = "<group>";
		};
		07EC036E1D39E0EE0088E5BE /* HDTableViewDataSource */ = {
			isa = PBXGroup;
			children = (
				AE4973C51D3CC35500FBE39E /* UITableView+HDFreshUI.h */,
				AE4973C61D3CC35500FBE39E /* UITableView+HDFreshUI.m */,
				AE4973C71D3CC35500FBE39E /* HDBaseTableViewDataSource.h */,
				AE4973C81D3CC35500FBE39E /* HDBaseTableViewDataSource.m */,
				AE4973C91D3CC35500FBE39E /* HDCellData.h */,
				AE4973CA1D3CC35500FBE39E /* HDCellData.m */,
				AE4973CB1D3CC35500FBE39E /* HDSectionData.h */,
				AE4973CC1D3CC35500FBE39E /* HDSectionData.m */,
				AE4973CD1D3CC35500FBE39E /* HDTableData.h */,
				AE4973CE1D3CC35500FBE39E /* HDTableData.m */,
				AE4973CF1D3CC35500FBE39E /* HDTableCellMaker.h */,
				AE4973D01D3CC35500FBE39E /* HDTableCellMaker.m */,
				AE4973D11D3CC35500FBE39E /* HDTableSectionMaker.h */,
				AE4973D21D3CC35500FBE39E /* HDTableSectionMaker.m */,
				AE4973D31D3CC35500FBE39E /* HDTableViewDataSource.h */,
				AE4973D41D3CC35500FBE39E /* HDTableViewDataSourceMaker.h */,
				AE4973D51D3CC35500FBE39E /* HDTableViewDataSourceMaker.m */,
				AE4973D61D3CC35500FBE39E /* UITableView+HD.h */,
				AE4973D71D3CC35500FBE39E /* UITableView+HD.m */,
				AE4973D81D3CC35500FBE39E /* UITableView+HDTableViewDataSource.h */,
				AE4973D91D3CC35500FBE39E /* UITableView+HDTableViewDataSource.m */,
				AE4973E41D3CC38E00FBE39E /* HDCommonHeader.h */,
			);
			path = HDTableViewDataSource;
			sourceTree = "<group>";
		};
		07EC038B1D39E26B0088E5BE /* Cell */ = {
			isa = PBXGroup;
			children = (
				07EC038C1D39E2950088E5BE /* HDTableViewCell.h */,
				07EC038D1D39E2950088E5BE /* HDTableViewCell.m */,
				07EC038E1D39E2950088E5BE /* HDTableViewCell.xib */,
			);
			path = Cell;
			sourceTree = "<group>";
		};
		31A4226F5E36B3DF92D60D6C /* Pods */ = {
			isa = PBXGroup;
			children = (
				831AEDE233C4EC2AEBE21594 /* Pods-HDTableViewDataSourceDemo.debug.xcconfig */,
				5DE66D127FA52E6F3FE0137C /* Pods-HDTableViewDataSourceDemo.release.xcconfig */,
			);
			name = Pods;
			sourceTree = "<group>";
		};
/* End PBXGroup section */

/* Begin PBXNativeTarget section */
		07EC03531D39E0C80088E5BE /* HDTableViewDataSourceDemo */ = {
			isa = PBXNativeTarget;
			buildConfigurationList = 07EC036B1D39E0C90088E5BE /* Build configuration list for PBXNativeTarget "HDTableViewDataSourceDemo" */;
			buildPhases = (
				D843BC3F5EA3EA0D25A5D285 /* 📦 Check Pods Manifest.lock */,
				039D8178A374F3FC2AC4E7FE /* [CP] Check Pods Manifest.lock */,
				07EC03501D39E0C80088E5BE /* Sources */,
				07EC03511D39E0C80088E5BE /* Frameworks */,
				07EC03521D39E0C80088E5BE /* Resources */,
				607C984ED2A231CA5CD4CB8A /* [CP] Embed Pods Frameworks */,
				CB74AE43B3422983DF3A2633 /* [CP] Copy Pods Resources */,
				A91CA0EF26FD38922A3B17D5 /* 📦 Embed Pods Frameworks */,
				89EEB42A5E163D95BE02ED04 /* 📦 Copy Pods Resources */,
			);
			buildRules = (
			);
			dependencies = (
			);
			name = HDTableViewDataSourceDemo;
			productName = HDTableViewDataSourceDemo;
			productReference = 07EC03541D39E0C80088E5BE /* HDTableViewDataSourceDemo.app */;
			productType = "com.apple.product-type.application";
		};
/* End PBXNativeTarget section */

/* Begin PBXProject section */
		07EC034C1D39E0C80088E5BE /* Project object */ = {
			isa = PBXProject;
			attributes = {
				LastUpgradeCheck = 0730;
				ORGANIZATIONNAME = Abner;
				TargetAttributes = {
					07EC03531D39E0C80088E5BE = {
						CreatedOnToolsVersion = 7.3.1;
					};
				};
			};
			buildConfigurationList = 07EC034F1D39E0C80088E5BE /* Build configuration list for PBXProject "HDTableViewDataSourceDemo" */;
			compatibilityVersion = "Xcode 3.2";
			developmentRegion = English;
			hasScannedForEncodings = 0;
			knownRegions = (
				en,
				Base,
			);
			mainGroup = 07EC034B1D39E0C80088E5BE;
			productRefGroup = 07EC03551D39E0C80088E5BE /* Products */;
			projectDirPath = "";
			projectRoot = "";
			targets = (
				07EC03531D39E0C80088E5BE /* HDTableViewDataSourceDemo */,
			);
		};
/* End PBXProject section */

/* Begin PBXResourcesBuildPhase section */
		07EC03521D39E0C80088E5BE /* Resources */ = {
			isa = PBXResourcesBuildPhase;
			buildActionMask = 2147483647;
			files = (
				07EC03671D39E0C90088E5BE /* LaunchScreen.storyboard in Resources */,
				07EC03641D39E0C90088E5BE /* Assets.xcassets in Resources */,
				07EC03621D39E0C90088E5BE /* Main.storyboard in Resources */,
				07EC03901D39E2950088E5BE /* HDTableViewCell.xib in Resources */,
			);
			runOnlyForDeploymentPostprocessing = 0;
		};
/* End PBXResourcesBuildPhase section */

/* Begin PBXShellScriptBuildPhase section */
		039D8178A374F3FC2AC4E7FE /* [CP] Check Pods Manifest.lock */ = {
			isa = PBXShellScriptBuildPhase;
			buildActionMask = 2147483647;
			files = (
			);
			inputPaths = (
			);
			name = "[CP] Check Pods Manifest.lock";
			outputPaths = (
			);
			runOnlyForDeploymentPostprocessing = 0;
			shellPath = /bin/sh;
			shellScript = "diff \"${PODS_ROOT}/../Podfile.lock\" \"${PODS_ROOT}/Manifest.lock\" > /dev/null\nif [[ $? != 0 ]] ; then\n    cat << EOM\nerror: The sandbox is not in sync with the Podfile.lock. Run 'pod install' or update your CocoaPods installation.\nEOM\n    exit 1\nfi\n";
			showEnvVarsInLog = 0;
		};
		607C984ED2A231CA5CD4CB8A /* [CP] Embed Pods Frameworks */ = {
			isa = PBXShellScriptBuildPhase;
			buildActionMask = 2147483647;
			files = (
			);
			inputPaths = (
			);
			name = "[CP] Embed Pods Frameworks";
			outputPaths = (
			);
			runOnlyForDeploymentPostprocessing = 0;
			shellPath = /bin/sh;
			shellScript = "\"${SRCROOT}/Pods/Target Support Files/Pods-HDTableViewDataSourceDemo/Pods-HDTableViewDataSourceDemo-frameworks.sh\"\n";
			showEnvVarsInLog = 0;
		};
		89EEB42A5E163D95BE02ED04 /* 📦 Copy Pods Resources */ = {
			isa = PBXShellScriptBuildPhase;
			buildActionMask = 2147483647;
			files = (
			);
			inputPaths = (
			);
			name = "📦 Copy Pods Resources";
			outputPaths = (
			);
			runOnlyForDeploymentPostprocessing = 0;
			shellPath = /bin/sh;
			shellScript = "\"${SRCROOT}/Pods/Target Support Files/Pods-HDTableViewDataSourceDemo/Pods-HDTableViewDataSourceDemo-resources.sh\"\n";
			showEnvVarsInLog = 0;
		};
		A91CA0EF26FD38922A3B17D5 /* 📦 Embed Pods Frameworks */ = {
			isa = PBXShellScriptBuildPhase;
			buildActionMask = 2147483647;
			files = (
			);
			inputPaths = (
			);
			name = "📦 Embed Pods Frameworks";
			outputPaths = (
			);
			runOnlyForDeploymentPostprocessing = 0;
			shellPath = /bin/sh;
			shellScript = "\"${SRCROOT}/Pods/Target Support Files/Pods-HDTableViewDataSourceDemo/Pods-HDTableViewDataSourceDemo-frameworks.sh\"\n";
			showEnvVarsInLog = 0;
		};
		CB74AE43B3422983DF3A2633 /* [CP] Copy Pods Resources */ = {
			isa = PBXShellScriptBuildPhase;
			buildActionMask = 2147483647;
			files = (
			);
			inputPaths = (
			);
			name = "[CP] Copy Pods Resources";
			outputPaths = (
			);
			runOnlyForDeploymentPostprocessing = 0;
			shellPath = /bin/sh;
			shellScript = "\"${SRCROOT}/Pods/Target Support Files/Pods-HDTableViewDataSourceDemo/Pods-HDTableViewDataSourceDemo-resources.sh\"\n";
			showEnvVarsInLog = 0;
		};
		D843BC3F5EA3EA0D25A5D285 /* 📦 Check Pods Manifest.lock */ = {
			isa = PBXShellScriptBuildPhase;
			buildActionMask = 2147483647;
			files = (
			);
			inputPaths = (
			);
			name = "📦 Check Pods Manifest.lock";
			outputPaths = (
			);
			runOnlyForDeploymentPostprocessing = 0;
			shellPath = /bin/sh;
			shellScript = "diff \"${PODS_ROOT}/../Podfile.lock\" \"${PODS_ROOT}/Manifest.lock\" > /dev/null\nif [[ $? != 0 ]] ; then\n    cat << EOM\nerror: The sandbox is not in sync with the Podfile.lock. Run 'pod install' or update your CocoaPods installation.\nEOM\n    exit 1\nfi\n";
			showEnvVarsInLog = 0;
		};
/* End PBXShellScriptBuildPhase section */

/* Begin PBXSourcesBuildPhase section */
		07EC03501D39E0C80088E5BE /* Sources */ = {
			isa = PBXSourcesBuildPhase;
			buildActionMask = 2147483647;
			files = (
				07EC038F1D39E2950088E5BE /* HDTableViewCell.m in Sources */,
				AE4973DB1D3CC35500FBE39E /* HDBaseTableViewDataSource.m in Sources */,
				AE4973DA1D3CC35500FBE39E /* UITableView+HDFreshUI.m in Sources */,
				AE4973E01D3CC35500FBE39E /* HDTableSectionMaker.m in Sources */,
				AE4973DF1D3CC35500FBE39E /* HDTableCellMaker.m in Sources */,
				AE4973E11D3CC35500FBE39E /* HDTableViewDataSourceMaker.m in Sources */,
				07EC035F1D39E0C90088E5BE /* ViewController.m in Sources */,
				AE4973DE1D3CC35500FBE39E /* HDTableData.m in Sources */,
				07EC035C1D39E0C90088E5BE /* AppDelegate.m in Sources */,
				AE4973DD1D3CC35500FBE39E /* HDSectionData.m in Sources */,
				AE4973DC1D3CC35500FBE39E /* HDCellData.m in Sources */,
				07EC03591D39E0C90088E5BE /* main.m in Sources */,
				AE4973E31D3CC35500FBE39E /* UITableView+HDTableViewDataSource.m in Sources */,
				AE4973E21D3CC35500FBE39E /* UITableView+HD.m in Sources */,
			);
			runOnlyForDeploymentPostprocessing = 0;
		};
/* End PBXSourcesBuildPhase section */

/* Begin PBXVariantGroup section */
		07EC03601D39E0C90088E5BE /* Main.storyboard */ = {
			isa = PBXVariantGroup;
			children = (
				07EC03611D39E0C90088E5BE /* Base */,
			);
			name = Main.storyboard;
			sourceTree = "<group>";
		};
		07EC03651D39E0C90088E5BE /* LaunchScreen.storyboard */ = {
			isa = PBXVariantGroup;
			children = (
				07EC03661D39E0C90088E5BE /* Base */,
			);
			name = LaunchScreen.storyboard;
			sourceTree = "<group>";
		};
/* End PBXVariantGroup section */

/* Begin XCBuildConfiguration section */
		07EC03691D39E0C90088E5BE /* Debug */ = {
			isa = XCBuildConfiguration;
			buildSettings = {
				ALWAYS_SEARCH_USER_PATHS = NO;
				CLANG_ANALYZER_NONNULL = YES;
				CLANG_CXX_LANGUAGE_STANDARD = "gnu++0x";
				CLANG_CXX_LIBRARY = "libc++";
				CLANG_ENABLE_MODULES = YES;
				CLANG_ENABLE_OBJC_ARC = YES;
				CLANG_WARN_BOOL_CONVERSION = YES;
				CLANG_WARN_CONSTANT_CONVERSION = YES;
				CLANG_WARN_DIRECT_OBJC_ISA_USAGE = YES_ERROR;
				CLANG_WARN_EMPTY_BODY = YES;
				CLANG_WARN_ENUM_CONVERSION = YES;
				CLANG_WARN_INT_CONVERSION = YES;
				CLANG_WARN_OBJC_ROOT_CLASS = YES_ERROR;
				CLANG_WARN_UNREACHABLE_CODE = YES;
				CLANG_WARN__DUPLICATE_METHOD_MATCH = YES;
				"CODE_SIGN_IDENTITY[sdk=iphoneos*]" = "iPhone Developer";
				COPY_PHASE_STRIP = NO;
				DEBUG_INFORMATION_FORMAT = dwarf;
				ENABLE_STRICT_OBJC_MSGSEND = YES;
				ENABLE_TESTABILITY = YES;
				GCC_C_LANGUAGE_STANDARD = gnu99;
				GCC_DYNAMIC_NO_PIC = NO;
				GCC_NO_COMMON_BLOCKS = YES;
				GCC_OPTIMIZATION_LEVEL = 0;
				GCC_PREPROCESSOR_DEFINITIONS = (
					"DEBUG=1",
					"$(inherited)",
				);
				GCC_WARN_64_TO_32_BIT_CONVERSION = YES;
				GCC_WARN_ABOUT_RETURN_TYPE = YES_ERROR;
				GCC_WARN_UNDECLARED_SELECTOR = YES;
				GCC_WARN_UNINITIALIZED_AUTOS = YES_AGGRESSIVE;
				GCC_WARN_UNUSED_FUNCTION = YES;
				GCC_WARN_UNUSED_VARIABLE = YES;
				IPHONEOS_DEPLOYMENT_TARGET = 9.3;
				MTL_ENABLE_DEBUG_INFO = YES;
				ONLY_ACTIVE_ARCH = YES;
				SDKROOT = iphoneos;
			};
			name = Debug;
		};
		07EC036A1D39E0C90088E5BE /* Release */ = {
			isa = XCBuildConfiguration;
			buildSettings = {
				ALWAYS_SEARCH_USER_PATHS = NO;
				CLANG_ANALYZER_NONNULL = YES;
				CLANG_CXX_LANGUAGE_STANDARD = "gnu++0x";
				CLANG_CXX_LIBRARY = "libc++";
				CLANG_ENABLE_MODULES = YES;
				CLANG_ENABLE_OBJC_ARC = YES;
				CLANG_WARN_BOOL_CONVERSION = YES;
				CLANG_WARN_CONSTANT_CONVERSION = YES;
				CLANG_WARN_DIRECT_OBJC_ISA_USAGE = YES_ERROR;
				CLANG_WARN_EMPTY_BODY = YES;
				CLANG_WARN_ENUM_CONVERSION = YES;
				CLANG_WARN_INT_CONVERSION = YES;
				CLANG_WARN_OBJC_ROOT_CLASS = YES_ERROR;
				CLANG_WARN_UNREACHABLE_CODE = YES;
				CLANG_WARN__DUPLICATE_METHOD_MATCH = YES;
				"CODE_SIGN_IDENTITY[sdk=iphoneos*]" = "iPhone Developer";
				COPY_PHASE_STRIP = NO;
				DEBUG_INFORMATION_FORMAT = "dwarf-with-dsym";
				ENABLE_NS_ASSERTIONS = NO;
				ENABLE_STRICT_OBJC_MSGSEND = YES;
				GCC_C_LANGUAGE_STANDARD = gnu99;
				GCC_NO_COMMON_BLOCKS = YES;
				GCC_WARN_64_TO_32_BIT_CONVERSION = YES;
				GCC_WARN_ABOUT_RETURN_TYPE = YES_ERROR;
				GCC_WARN_UNDECLARED_SELECTOR = YES;
				GCC_WARN_UNINITIALIZED_AUTOS = YES_AGGRESSIVE;
				GCC_WARN_UNUSED_FUNCTION = YES;
				GCC_WARN_UNUSED_VARIABLE = YES;
				IPHONEOS_DEPLOYMENT_TARGET = 9.3;
				MTL_ENABLE_DEBUG_INFO = NO;
				SDKROOT = iphoneos;
				VALIDATE_PRODUCT = YES;
			};
			name = Release;
		};
		07EC036C1D39E0C90088E5BE /* Debug */ = {
			isa = XCBuildConfiguration;
			baseConfigurationReference = 831AEDE233C4EC2AEBE21594 /* Pods-HDTableViewDataSourceDemo.debug.xcconfig */;
			buildSettings = {
				ASSETCATALOG_COMPILER_APPICON_NAME = AppIcon;
				INFOPLIST_FILE = HDTableViewDataSourceDemo/Info.plist;
				LD_RUNPATH_SEARCH_PATHS = "$(inherited) @executable_path/Frameworks";
				PRODUCT_BUNDLE_IDENTIFIER = com.abnerh.HDTableViewDataSourceDemo;
				PRODUCT_NAME = "$(TARGET_NAME)";
			};
			name = Debug;
		};
		07EC036D1D39E0C90088E5BE /* Release */ = {
			isa = XCBuildConfiguration;
			baseConfigurationReference = 5DE66D127FA52E6F3FE0137C /* Pods-HDTableViewDataSourceDemo.release.xcconfig */;
			buildSettings = {
				ASSETCATALOG_COMPILER_APPICON_NAME = AppIcon;
				INFOPLIST_FILE = HDTableViewDataSourceDemo/Info.plist;
				LD_RUNPATH_SEARCH_PATHS = "$(inherited) @executable_path/Frameworks";
				PRODUCT_BUNDLE_IDENTIFIER = com.abnerh.HDTableViewDataSourceDemo;
				PRODUCT_NAME = "$(TARGET_NAME)";
			};
			name = Release;
		};
/* End XCBuildConfiguration section */

/* Begin XCConfigurationList section */
		07EC034F1D39E0C80088E5BE /* Build configuration list for PBXProject "HDTableViewDataSourceDemo" */ = {
			isa = XCConfigurationList;
			buildConfigurations = (
				07EC03691D39E0C90088E5BE /* Debug */,
				07EC036A1D39E0C90088E5BE /* Release */,
			);
			defaultConfigurationIsVisible = 0;
			defaultConfigurationName = Release;
		};
		07EC036B1D39E0C90088E5BE /* Build configuration list for PBXNativeTarget "HDTableViewDataSourceDemo" */ = {
			isa = XCConfigurationList;
			buildConfigurations = (
				07EC036C1D39E0C90088E5BE /* Debug */,
				07EC036D1D39E0C90088E5BE /* Release */,
			);
			defaultConfigurationIsVisible = 0;
			defaultConfigurationName = Release;
		};
/* End XCConfigurationList section */
	};
	rootObject = 07EC034C1D39E0C80088E5BE /* Project object */;
}
