// !$*UTF8*$!
{
	archiveVersion = 1;
	classes = {
	};
	objectVersion = 46;
	objects = {

/* Begin PBXBuildFile section */
		072EA5FA1D5FECDC004182DC /* HDTableViewMaker.bundle in Resources */ = {isa = PBXBuildFile; fileRef = 072EA5F91D5FECDC004182DC /* HDTableViewMaker.bundle */; };
		072F15D01D41046900F749C5 /* UITableView+HDFreshUI.m in Sources */ = {isa = PBXBuildFile; fileRef = 072F15BA1D41046900F749C5 /* UITableView+HDFreshUI.m */; };
		072F15D11D41046900F749C5 /* HDBaseTableViewDataSource.m in Sources */ = {isa = PBXBuildFile; fileRef = 072F15BC1D41046900F749C5 /* HDBaseTableViewDataSource.m */; };
		072F15D21D41046900F749C5 /* HDCellData.m in Sources */ = {isa = PBXBuildFile; fileRef = 072F15BE1D41046900F749C5 /* HDCellData.m */; };
		072F15D31D41046900F749C5 /* HDSectionData.m in Sources */ = {isa = PBXBuildFile; fileRef = 072F15C01D41046900F749C5 /* HDSectionData.m */; };
		072F15D41D41046900F749C5 /* HDTableData.m in Sources */ = {isa = PBXBuildFile; fileRef = 072F15C21D41046900F749C5 /* HDTableData.m */; };
		072F15D51D41046900F749C5 /* HDCellMaker.m in Sources */ = {isa = PBXBuildFile; fileRef = 072F15C41D41046900F749C5 /* HDCellMaker.m */; };
		072F15D61D41046900F749C5 /* HDSectionMaker.m in Sources */ = {isa = PBXBuildFile; fileRef = 072F15C61D41046900F749C5 /* HDSectionMaker.m */; };
		072F15D71D41046900F749C5 /* HDTableViewMaker.m in Sources */ = {isa = PBXBuildFile; fileRef = 072F15C91D41046900F749C5 /* HDTableViewMaker.m */; };
		072F15D81D41046900F749C5 /* UITableView+HDOperating.m in Sources */ = {isa = PBXBuildFile; fileRef = 072F15CB1D41046900F749C5 /* UITableView+HDOperating.m */; };
		072F15D91D41046900F749C5 /* UITableView+HDTableViewMaker.m in Sources */ = {isa = PBXBuildFile; fileRef = 072F15CD1D41046900F749C5 /* UITableView+HDTableViewMaker.m */; };
		072F15DA1D41046900F749C5 /* UITableViewCell+HDTableViewMaker.m in Sources */ = {isa = PBXBuildFile; fileRef = 072F15CF1D41046900F749C5 /* UITableViewCell+HDTableViewMaker.m */; };
		077074081D5F66B70037043C /* UITableView+HDLoading.m in Sources */ = {isa = PBXBuildFile; fileRef = 077074071D5F66B70037043C /* UITableView+HDLoading.m */; };
		07C7A5841D53980C00541E8F /* NSObject+HDAssociated.m in Sources */ = {isa = PBXBuildFile; fileRef = 07C7A5831D53980C00541E8F /* NSObject+HDAssociated.m */; };
		07EC03591D39E0C90088E5BE /* main.m in Sources */ = {isa = PBXBuildFile; fileRef = 07EC03581D39E0C90088E5BE /* main.m */; };
		07EC035C1D39E0C90088E5BE /* AppDelegate.m in Sources */ = {isa = PBXBuildFile; fileRef = 07EC035B1D39E0C90088E5BE /* AppDelegate.m */; };
		07EC035F1D39E0C90088E5BE /* ViewController.m in Sources */ = {isa = PBXBuildFile; fileRef = 07EC035E1D39E0C90088E5BE /* ViewController.m */; };
		07EC03621D39E0C90088E5BE /* Main.storyboard in Resources */ = {isa = PBXBuildFile; fileRef = 07EC03601D39E0C90088E5BE /* Main.storyboard */; };
		07EC03641D39E0C90088E5BE /* Assets.xcassets in Resources */ = {isa = PBXBuildFile; fileRef = 07EC03631D39E0C90088E5BE /* Assets.xcassets */; };
		07EC03671D39E0C90088E5BE /* LaunchScreen.storyboard in Resources */ = {isa = PBXBuildFile; fileRef = 07EC03651D39E0C90088E5BE /* LaunchScreen.storyboard */; };
		07EC038F1D39E2950088E5BE /* HDTableViewCell.m in Sources */ = {isa = PBXBuildFile; fileRef = 07EC038D1D39E2950088E5BE /* HDTableViewCell.m */; };
		07EC03901D39E2950088E5BE /* HDTableViewCell.xib in Resources */ = {isa = PBXBuildFile; fileRef = 07EC038E1D39E2950088E5BE /* HDTableViewCell.xib */; };
		90EC255DD7E9D767E53732D9 /* libPods-HDTableViewMakerDemo.a in Frameworks */ = {isa = PBXBuildFile; fileRef = BFC36B67B6A89EEE886E6487 /* libPods-HDTableViewMakerDemo.a */; };
/* End PBXBuildFile section */

/* Begin PBXFileReference section */
		072EA5F91D5FECDC004182DC /* HDTableViewMaker.bundle */ = {isa = PBXFileReference; lastKnownFileType = "wrapper.plug-in"; path = HDTableViewMaker.bundle; sourceTree = "<group>"; };
		072F15B91D41046900F749C5 /* UITableView+HDFreshUI.h */ = {isa = PBXFileReference; fileEncoding = 4; lastKnownFileType = sourcecode.c.h; path = "UITableView+HDFreshUI.h"; sourceTree = "<group>"; };
		072F15BA1D41046900F749C5 /* UITableView+HDFreshUI.m */ = {isa = PBXFileReference; fileEncoding = 4; lastKnownFileType = sourcecode.c.objc; path = "UITableView+HDFreshUI.m"; sourceTree = "<group>"; };
		072F15BB1D41046900F749C5 /* HDBaseTableViewDataSource.h */ = {isa = PBXFileReference; fileEncoding = 4; lastKnownFileType = sourcecode.c.h; path = HDBaseTableViewDataSource.h; sourceTree = "<group>"; };
		072F15BC1D41046900F749C5 /* HDBaseTableViewDataSource.m */ = {isa = PBXFileReference; fileEncoding = 4; lastKnownFileType = sourcecode.c.objc; path = HDBaseTableViewDataSource.m; sourceTree = "<group>"; };
		072F15BD1D41046900F749C5 /* HDCellData.h */ = {isa = PBXFileReference; fileEncoding = 4; lastKnownFileType = sourcecode.c.h; path = HDCellData.h; sourceTree = "<group>"; };
		072F15BE1D41046900F749C5 /* HDCellData.m */ = {isa = PBXFileReference; fileEncoding = 4; lastKnownFileType = sourcecode.c.objc; path = HDCellData.m; sourceTree = "<group>"; };
		072F15BF1D41046900F749C5 /* HDSectionData.h */ = {isa = PBXFileReference; fileEncoding = 4; lastKnownFileType = sourcecode.c.h; path = HDSectionData.h; sourceTree = "<group>"; };
		072F15C01D41046900F749C5 /* HDSectionData.m */ = {isa = PBXFileReference; fileEncoding = 4; lastKnownFileType = sourcecode.c.objc; path = HDSectionData.m; sourceTree = "<group>"; };
		072F15C11D41046900F749C5 /* HDTableData.h */ = {isa = PBXFileReference; fileEncoding = 4; lastKnownFileType = sourcecode.c.h; path = HDTableData.h; sourceTree = "<group>"; };
		072F15C21D41046900F749C5 /* HDTableData.m */ = {isa = PBXFileReference; fileEncoding = 4; lastKnownFileType = sourcecode.c.objc; path = HDTableData.m; sourceTree = "<group>"; };
		072F15C31D41046900F749C5 /* HDCellMaker.h */ = {isa = PBXFileReference; fileEncoding = 4; lastKnownFileType = sourcecode.c.h; path = HDCellMaker.h; sourceTree = "<group>"; };
		072F15C41D41046900F749C5 /* HDCellMaker.m */ = {isa = PBXFileReference; fileEncoding = 4; lastKnownFileType = sourcecode.c.objc; path = HDCellMaker.m; sourceTree = "<group>"; };
		072F15C51D41046900F749C5 /* HDSectionMaker.h */ = {isa = PBXFileReference; fileEncoding = 4; lastKnownFileType = sourcecode.c.h; path = HDSectionMaker.h; sourceTree = "<group>"; };
		072F15C61D41046900F749C5 /* HDSectionMaker.m */ = {isa = PBXFileReference; fileEncoding = 4; lastKnownFileType = sourcecode.c.objc; path = HDSectionMaker.m; sourceTree = "<group>"; };
		072F15C71D41046900F749C5 /* HDTableViewMakerHeader.h */ = {isa = PBXFileReference; fileEncoding = 4; lastKnownFileType = sourcecode.c.h; path = HDTableViewMakerHeader.h; sourceTree = "<group>"; };
		072F15C81D41046900F749C5 /* HDTableViewMaker.h */ = {isa = PBXFileReference; fileEncoding = 4; lastKnownFileType = sourcecode.c.h; path = HDTableViewMaker.h; sourceTree = "<group>"; };
		072F15C91D41046900F749C5 /* HDTableViewMaker.m */ = {isa = PBXFileReference; fileEncoding = 4; lastKnownFileType = sourcecode.c.objc; path = HDTableViewMaker.m; sourceTree = "<group>"; };
		072F15CA1D41046900F749C5 /* UITableView+HDOperating.h */ = {isa = PBXFileReference; fileEncoding = 4; lastKnownFileType = sourcecode.c.h; path = "UITableView+HDOperating.h"; sourceTree = "<group>"; };
		072F15CB1D41046900F749C5 /* UITableView+HDOperating.m */ = {isa = PBXFileReference; fileEncoding = 4; lastKnownFileType = sourcecode.c.objc; path = "UITableView+HDOperating.m"; sourceTree = "<group>"; };
		072F15CC1D41046900F749C5 /* UITableView+HDTableViewMaker.h */ = {isa = PBXFileReference; fileEncoding = 4; lastKnownFileType = sourcecode.c.h; path = "UITableView+HDTableViewMaker.h"; sourceTree = "<group>"; };
		072F15CD1D41046900F749C5 /* UITableView+HDTableViewMaker.m */ = {isa = PBXFileReference; fileEncoding = 4; lastKnownFileType = sourcecode.c.objc; path = "UITableView+HDTableViewMaker.m"; sourceTree = "<group>"; };
		072F15CE1D41046900F749C5 /* UITableViewCell+HDTableViewMaker.h */ = {isa = PBXFileReference; fileEncoding = 4; lastKnownFileType = sourcecode.c.h; path = "UITableViewCell+HDTableViewMaker.h"; sourceTree = "<group>"; };
		072F15CF1D41046900F749C5 /* UITableViewCell+HDTableViewMaker.m */ = {isa = PBXFileReference; fileEncoding = 4; lastKnownFileType = sourcecode.c.objc; path = "UITableViewCell+HDTableViewMaker.m"; sourceTree = "<group>"; };
		077074061D5F66B70037043C /* UITableView+HDLoading.h */ = {isa = PBXFileReference; fileEncoding = 4; lastKnownFileType = sourcecode.c.h; path = "UITableView+HDLoading.h"; sourceTree = "<group>"; };
		077074071D5F66B70037043C /* UITableView+HDLoading.m */ = {isa = PBXFileReference; fileEncoding = 4; lastKnownFileType = sourcecode.c.objc; path = "UITableView+HDLoading.m"; sourceTree = "<group>"; };
		077074091D5F68A50037043C /* HDTMCommonHeader.h */ = {isa = PBXFileReference; lastKnownFileType = sourcecode.c.h; path = HDTMCommonHeader.h; sourceTree = "<group>"; };
		07C7A5821D53980C00541E8F /* NSObject+HDAssociated.h */ = {isa = PBXFileReference; fileEncoding = 4; lastKnownFileType = sourcecode.c.h; path = "NSObject+HDAssociated.h"; sourceTree = "<group>"; };
		07C7A5831D53980C00541E8F /* NSObject+HDAssociated.m */ = {isa = PBXFileReference; fileEncoding = 4; lastKnownFileType = sourcecode.c.objc; path = "NSObject+HDAssociated.m"; sourceTree = "<group>"; };
		07EC03541D39E0C80088E5BE /* HDTableViewMakerDemo.app */ = {isa = PBXFileReference; explicitFileType = wrapper.application; includeInIndex = 0; path = HDTableViewMakerDemo.app; sourceTree = BUILT_PRODUCTS_DIR; };
		07EC03581D39E0C90088E5BE /* main.m */ = {isa = PBXFileReference; lastKnownFileType = sourcecode.c.objc; path = main.m; sourceTree = "<group>"; };
		07EC035A1D39E0C90088E5BE /* AppDelegate.h */ = {isa = PBXFileReference; lastKnownFileType = sourcecode.c.h; path = AppDelegate.h; sourceTree = "<group>"; };
		07EC035B1D39E0C90088E5BE /* AppDelegate.m */ = {isa = PBXFileReference; lastKnownFileType = sourcecode.c.objc; path = AppDelegate.m; sourceTree = "<group>"; };
		07EC035D1D39E0C90088E5BE /* ViewController.h */ = {isa = PBXFileReference; lastKnownFileType = sourcecode.c.h; path = ViewController.h; sourceTree = "<group>"; };
		07EC035E1D39E0C90088E5BE /* ViewController.m */ = {isa = PBXFileReference; lastKnownFileType = sourcecode.c.objc; path = ViewController.m; sourceTree = "<group>"; };
		07EC03611D39E0C90088E5BE /* Base */ = {isa = PBXFileReference; lastKnownFileType = file.storyboard; name = Base; path = Base.lproj/Main.storyboard; sourceTree = "<group>"; };
		07EC03631D39E0C90088E5BE /* Assets.xcassets */ = {isa = PBXFileReference; lastKnownFileType = folder.assetcatalog; path = Assets.xcassets; sourceTree = "<group>"; };
		07EC03661D39E0C90088E5BE /* Base */ = {isa = PBXFileReference; lastKnownFileType = file.storyboard; name = Base; path = Base.lproj/LaunchScreen.storyboard; sourceTree = "<group>"; };
		07EC03681D39E0C90088E5BE /* Info.plist */ = {isa = PBXFileReference; lastKnownFileType = text.plist.xml; path = Info.plist; sourceTree = "<group>"; };
		07EC038C1D39E2950088E5BE /* HDTableViewCell.h */ = {isa = PBXFileReference; fileEncoding = 4; lastKnownFileType = sourcecode.c.h; path = HDTableViewCell.h; sourceTree = "<group>"; };
		07EC038D1D39E2950088E5BE /* HDTableViewCell.m */ = {isa = PBXFileReference; fileEncoding = 4; lastKnownFileType = sourcecode.c.objc; path = HDTableViewCell.m; sourceTree = "<group>"; };
		07EC038E1D39E2950088E5BE /* HDTableViewCell.xib */ = {isa = PBXFileReference; fileEncoding = 4; lastKnownFileType = file.xib; path = HDTableViewCell.xib; sourceTree = "<group>"; };
		BFC36B67B6A89EEE886E6487 /* libPods-HDTableViewMakerDemo.a */ = {isa = PBXFileReference; explicitFileType = archive.ar; includeInIndex = 0; path = "libPods-HDTableViewMakerDemo.a"; sourceTree = BUILT_PRODUCTS_DIR; };
		C5ACCCAC4C5AB4012E250B72 /* Pods-HDTableViewMakerDemo.release.xcconfig */ = {isa = PBXFileReference; includeInIndex = 1; lastKnownFileType = text.xcconfig; name = "Pods-HDTableViewMakerDemo.release.xcconfig"; path = "Pods/Target Support Files/Pods-HDTableViewMakerDemo/Pods-HDTableViewMakerDemo.release.xcconfig"; sourceTree = "<group>"; };
		CD435AA6A88C4875226EF910 /* Pods-HDTableViewMakerDemo.debug.xcconfig */ = {isa = PBXFileReference; includeInIndex = 1; lastKnownFileType = text.xcconfig; name = "Pods-HDTableViewMakerDemo.debug.xcconfig"; path = "Pods/Target Support Files/Pods-HDTableViewMakerDemo/Pods-HDTableViewMakerDemo.debug.xcconfig"; sourceTree = "<group>"; };
/* End PBXFileReference section */

/* Begin PBXFrameworksBuildPhase section */
		07EC03511D39E0C80088E5BE /* Frameworks */ = {
			isa = PBXFrameworksBuildPhase;
			buildActionMask = 2147483647;
			files = (
				90EC255DD7E9D767E53732D9 /* libPods-HDTableViewMakerDemo.a in Frameworks */,
			);
			runOnlyForDeploymentPostprocessing = 0;
		};
/* End PBXFrameworksBuildPhase section */

/* Begin PBXGroup section */
		04C6CF297C9D885508E2985C /* Frameworks */ = {
			isa = PBXGroup;
			children = (
				BFC36B67B6A89EEE886E6487 /* libPods-HDTableViewMakerDemo.a */,
			);
			name = Frameworks;
			sourceTree = "<group>";
		};
		07EC034B1D39E0C80088E5BE = {
			isa = PBXGroup;
			children = (
				07EC036E1D39E0EE0088E5BE /* HDTableViewMaker */,
				07EC03561D39E0C80088E5BE /* HDTableViewMakerDemo */,
				07EC03551D39E0C80088E5BE /* Products */,
				31A4226F5E36B3DF92D60D6C /* Pods */,
				04C6CF297C9D885508E2985C /* Frameworks */,
			);
			sourceTree = "<group>";
		};
		07EC03551D39E0C80088E5BE /* Products */ = {
			isa = PBXGroup;
			children = (
				07EC03541D39E0C80088E5BE /* HDTableViewMakerDemo.app */,
			);
			name = Products;
			sourceTree = "<group>";
		};
		07EC03561D39E0C80088E5BE /* HDTableViewMakerDemo */ = {
			isa = PBXGroup;
			children = (
				07EC038B1D39E26B0088E5BE /* Cell */,
				07EC035A1D39E0C90088E5BE /* AppDelegate.h */,
				07EC035B1D39E0C90088E5BE /* AppDelegate.m */,
				07EC035D1D39E0C90088E5BE /* ViewController.h */,
				07EC035E1D39E0C90088E5BE /* ViewController.m */,
				07EC03601D39E0C90088E5BE /* Main.storyboard */,
				07EC03631D39E0C90088E5BE /* Assets.xcassets */,
				07EC03651D39E0C90088E5BE /* LaunchScreen.storyboard */,
				07EC03681D39E0C90088E5BE /* Info.plist */,
				07EC03571D39E0C90088E5BE /* Supporting Files */,
			);
			path = HDTableViewMakerDemo;
			sourceTree = "<group>";
		};
		07EC03571D39E0C90088E5BE /* Supporting Files */ = {
			isa = PBXGroup;
			children = (
				07EC03581D39E0C90088E5BE /* main.m */,
			);
			name = "Supporting Files";
			sourceTree = "<group>";
		};
		07EC036E1D39E0EE0088E5BE /* HDTableViewMaker */ = {
			isa = PBXGroup;
			children = (
				072EA5F91D5FECDC004182DC /* HDTableViewMaker.bundle */,
				072F15C71D41046900F749C5 /* HDTableViewMakerHeader.h */,
				077074061D5F66B70037043C /* UITableView+HDLoading.h */,
				077074071D5F66B70037043C /* UITableView+HDLoading.m */,
				072F15B91D41046900F749C5 /* UITableView+HDFreshUI.h */,
				072F15BA1D41046900F749C5 /* UITableView+HDFreshUI.m */,
				072F15BB1D41046900F749C5 /* HDBaseTableViewDataSource.h */,
				072F15BC1D41046900F749C5 /* HDBaseTableViewDataSource.m */,
				072F15C81D41046900F749C5 /* HDTableViewMaker.h */,
				072F15C91D41046900F749C5 /* HDTableViewMaker.m */,
				072F15C11D41046900F749C5 /* HDTableData.h */,
				072F15C21D41046900F749C5 /* HDTableData.m */,
				072F15C51D41046900F749C5 /* HDSectionMaker.h */,
				072F15C61D41046900F749C5 /* HDSectionMaker.m */,
				072F15BF1D41046900F749C5 /* HDSectionData.h */,
				072F15C01D41046900F749C5 /* HDSectionData.m */,
				072F15C31D41046900F749C5 /* HDCellMaker.h */,
				072F15C41D41046900F749C5 /* HDCellMaker.m */,
				072F15BD1D41046900F749C5 /* HDCellData.h */,
				072F15BE1D41046900F749C5 /* HDCellData.m */,
				072F15CA1D41046900F749C5 /* UITableView+HDOperating.h */,
				072F15CB1D41046900F749C5 /* UITableView+HDOperating.m */,
				072F15CC1D41046900F749C5 /* UITableView+HDTableViewMaker.h */,
				072F15CD1D41046900F749C5 /* UITableView+HDTableViewMaker.m */,
				072F15CE1D41046900F749C5 /* UITableViewCell+HDTableViewMaker.h */,
				072F15CF1D41046900F749C5 /* UITableViewCell+HDTableViewMaker.m */,
				07C7A5821D53980C00541E8F /* NSObject+HDAssociated.h */,
				07C7A5831D53980C00541E8F /* NSObject+HDAssociated.m */,
				077074091D5F68A50037043C /* HDTMCommonHeader.h */,
			);
			path = HDTableViewMaker;
			sourceTree = "<group>";
		};
		07EC038B1D39E26B0088E5BE /* Cell */ = {
			isa = PBXGroup;
			children = (
				07EC038C1D39E2950088E5BE /* HDTableViewCell.h */,
				07EC038D1D39E2950088E5BE /* HDTableViewCell.m */,
				07EC038E1D39E2950088E5BE /* HDTableViewCell.xib */,
			);
			path = Cell;
			sourceTree = "<group>";
		};
		31A4226F5E36B3DF92D60D6C /* Pods */ = {
			isa = PBXGroup;
			children = (
				CD435AA6A88C4875226EF910 /* Pods-HDTableViewMakerDemo.debug.xcconfig */,
				C5ACCCAC4C5AB4012E250B72 /* Pods-HDTableViewMakerDemo.release.xcconfig */,
			);
			name = Pods;
			sourceTree = "<group>";
		};
/* End PBXGroup section */

/* Begin PBXNativeTarget section */
		07EC03531D39E0C80088E5BE /* HDTableViewMakerDemo */ = {
			isa = PBXNativeTarget;
			buildConfigurationList = 07EC036B1D39E0C90088E5BE /* Build configuration list for PBXNativeTarget "HDTableViewMakerDemo" */;
			buildPhases = (
				F6EA723948170B36B25C42FB /* [CP] Check Pods Manifest.lock */,
				D843BC3F5EA3EA0D25A5D285 /* [CP] Check Pods Manifest.lock */,
				039D8178A374F3FC2AC4E7FE /* [CP] Check Pods Manifest.lock */,
				07EC03501D39E0C80088E5BE /* Sources */,
				07EC03511D39E0C80088E5BE /* Frameworks */,
				07EC03521D39E0C80088E5BE /* Resources */,
				607C984ED2A231CA5CD4CB8A /* [CP] Embed Pods Frameworks */,
				CB74AE43B3422983DF3A2633 /* [CP] Copy Pods Resources */,
				41CF371162F5B65133C40FC5 /* 📦 Embed Pods Frameworks */,
				69779CBC631529D630EC46A7 /* 📦 Copy Pods Resources */,
			);
			buildRules = (
			);
			dependencies = (
			);
			name = HDTableViewMakerDemo;
			productName = HDTableViewDataSourceDemo;
			productReference = 07EC03541D39E0C80088E5BE /* HDTableViewMakerDemo.app */;
			productType = "com.apple.product-type.application";
		};
/* End PBXNativeTarget section */

/* Begin PBXProject section */
		07EC034C1D39E0C80088E5BE /* Project object */ = {
			isa = PBXProject;
			attributes = {
				LastUpgradeCheck = 0730;
				ORGANIZATIONNAME = Abner;
				TargetAttributes = {
					07EC03531D39E0C80088E5BE = {
						CreatedOnToolsVersion = 7.3.1;
					};
				};
			};
			buildConfigurationList = 07EC034F1D39E0C80088E5BE /* Build configuration list for PBXProject "HDTableViewMakerDemo" */;
			compatibilityVersion = "Xcode 3.2";
			developmentRegion = English;
			hasScannedForEncodings = 0;
			knownRegions = (
				en,
				Base,
			);
			mainGroup = 07EC034B1D39E0C80088E5BE;
			productRefGroup = 07EC03551D39E0C80088E5BE /* Products */;
			projectDirPath = "";
			projectRoot = "";
			targets = (
				07EC03531D39E0C80088E5BE /* HDTableViewMakerDemo */,
			);
		};
/* End PBXProject section */

/* Begin PBXResourcesBuildPhase section */
		07EC03521D39E0C80088E5BE /* Resources */ = {
			isa = PBXResourcesBuildPhase;
			buildActionMask = 2147483647;
			files = (
				07EC03671D39E0C90088E5BE /* LaunchScreen.storyboard in Resources */,
				07EC03641D39E0C90088E5BE /* Assets.xcassets in Resources */,
				072EA5FA1D5FECDC004182DC /* HDTableViewMaker.bundle in Resources */,
				07EC03621D39E0C90088E5BE /* Main.storyboard in Resources */,
				07EC03901D39E2950088E5BE /* HDTableViewCell.xib in Resources */,
			);
			runOnlyForDeploymentPostprocessing = 0;
		};
/* End PBXResourcesBuildPhase section */

/* Begin PBXShellScriptBuildPhase section */
		039D8178A374F3FC2AC4E7FE /* [CP] Check Pods Manifest.lock */ = {
			isa = PBXShellScriptBuildPhase;
			buildActionMask = 2147483647;
			files = (
			);
			inputPaths = (
			);
			name = "[CP] Check Pods Manifest.lock";
			outputPaths = (
			);
			runOnlyForDeploymentPostprocessing = 0;
			shellPath = /bin/sh;
			shellScript = "diff \"${PODS_ROOT}/../Podfile.lock\" \"${PODS_ROOT}/Manifest.lock\" > /dev/null\nif [[ $? != 0 ]] ; then\n    cat << EOM\nerror: The sandbox is not in sync with the Podfile.lock. Run 'pod install' or update your CocoaPods installation.\nEOM\n    exit 1\nfi\n";
			showEnvVarsInLog = 0;
		};
		41CF371162F5B65133C40FC5 /* 📦 Embed Pods Frameworks */ = {
			isa = PBXShellScriptBuildPhase;
			buildActionMask = 2147483647;
			files = (
			);
			inputPaths = (
			);
			name = "📦 Embed Pods Frameworks";
			outputPaths = (
			);
			runOnlyForDeploymentPostprocessing = 0;
			shellPath = /bin/sh;
			shellScript = "\"${SRCROOT}/Pods/Target Support Files/Pods-HDTableViewMakerDemo/Pods-HDTableViewMakerDemo-frameworks.sh\"\n";
			showEnvVarsInLog = 0;
		};
		607C984ED2A231CA5CD4CB8A /* [CP] Embed Pods Frameworks */ = {
			isa = PBXShellScriptBuildPhase;
			buildActionMask = 2147483647;
			files = (
			);
			inputPaths = (
			);
			name = "[CP] Embed Pods Frameworks";
			outputPaths = (
			);
			runOnlyForDeploymentPostprocessing = 0;
			shellPath = /bin/sh;
			shellScript = "\"${SRCROOT}/Pods/Target Support Files/Pods-HDTableViewMakerDemo/Pods-HDTableViewMakerDemo-frameworks.sh\"\n";
			showEnvVarsInLog = 0;
		};
		69779CBC631529D630EC46A7 /* 📦 Copy Pods Resources */ = {
			isa = PBXShellScriptBuildPhase;
			buildActionMask = 2147483647;
			files = (
			);
			inputPaths = (
			);
			name = "📦 Copy Pods Resources";
			outputPaths = (
			);
			runOnlyForDeploymentPostprocessing = 0;
			shellPath = /bin/sh;
			shellScript = "\"${SRCROOT}/Pods/Target Support Files/Pods-HDTableViewMakerDemo/Pods-HDTableViewMakerDemo-resources.sh\"\n";
			showEnvVarsInLog = 0;
		};
		CB74AE43B3422983DF3A2633 /* [CP] Copy Pods Resources */ = {
			isa = PBXShellScriptBuildPhase;
			buildActionMask = 2147483647;
			files = (
			);
			inputPaths = (
			);
			name = "[CP] Copy Pods Resources";
			outputPaths = (
			);
			runOnlyForDeploymentPostprocessing = 0;
			shellPath = /bin/sh;
			shellScript = "\"${SRCROOT}/Pods/Target Support Files/Pods-HDTableViewMakerDemo/Pods-HDTableViewMakerDemo-resources.sh\"\n";
			showEnvVarsInLog = 0;
		};
		D843BC3F5EA3EA0D25A5D285 /* [CP] Check Pods Manifest.lock */ = {
			isa = PBXShellScriptBuildPhase;
			buildActionMask = 2147483647;
			files = (
			);
			inputPaths = (
			);
			name = "[CP] Check Pods Manifest.lock";
			outputPaths = (
			);
			runOnlyForDeploymentPostprocessing = 0;
			shellPath = /bin/sh;
			shellScript = "diff \"${PODS_ROOT}/../Podfile.lock\" \"${PODS_ROOT}/Manifest.lock\" > /dev/null\nif [[ $? != 0 ]] ; then\n    cat << EOM\nerror: The sandbox is not in sync with the Podfile.lock. Run 'pod install' or update your CocoaPods installation.\nEOM\n    exit 1\nfi\n";
			showEnvVarsInLog = 0;
		};
		F6EA723948170B36B25C42FB /* [CP] Check Pods Manifest.lock */ = {
			isa = PBXShellScriptBuildPhase;
			buildActionMask = 2147483647;
			files = (
			);
			inputPaths = (
			);
			name = "[CP] Check Pods Manifest.lock";
			outputPaths = (
			);
			runOnlyForDeploymentPostprocessing = 0;
			shellPath = /bin/sh;
			shellScript = "diff \"${PODS_ROOT}/../Podfile.lock\" \"${PODS_ROOT}/Manifest.lock\" > /dev/null\nif [[ $? != 0 ]] ; then\n    cat << EOM\nerror: The sandbox is not in sync with the Podfile.lock. Run 'pod install' or update your CocoaPods installation.\nEOM\n    exit 1\nfi\n";
			showEnvVarsInLog = 0;
		};
/* End PBXShellScriptBuildPhase section */

/* Begin PBXSourcesBuildPhase section */
		07EC03501D39E0C80088E5BE /* Sources */ = {
			isa = PBXSourcesBuildPhase;
			buildActionMask = 2147483647;
			files = (
				07EC038F1D39E2950088E5BE /* HDTableViewCell.m in Sources */,
				07C7A5841D53980C00541E8F /* NSObject+HDAssociated.m in Sources */,
				072F15D11D41046900F749C5 /* HDBaseTableViewDataSource.m in Sources */,
				072F15D01D41046900F749C5 /* UITableView+HDFreshUI.m in Sources */,
				072F15DA1D41046900F749C5 /* UITableViewCell+HDTableViewMaker.m in Sources */,
				072F15D61D41046900F749C5 /* HDSectionMaker.m in Sources */,
				072F15D51D41046900F749C5 /* HDCellMaker.m in Sources */,
				072F15D71D41046900F749C5 /* HDTableViewMaker.m in Sources */,
				07EC035F1D39E0C90088E5BE /* ViewController.m in Sources */,
				072F15D41D41046900F749C5 /* HDTableData.m in Sources */,
				07EC035C1D39E0C90088E5BE /* AppDelegate.m in Sources */,
				072F15D31D41046900F749C5 /* HDSectionData.m in Sources */,
				072F15D21D41046900F749C5 /* HDCellData.m in Sources */,
				07EC03591D39E0C90088E5BE /* main.m in Sources */,
				077074081D5F66B70037043C /* UITableView+HDLoading.m in Sources */,
				072F15D91D41046900F749C5 /* UITableView+HDTableViewMaker.m in Sources */,
				072F15D81D41046900F749C5 /* UITableView+HDOperating.m in Sources */,
			);
			runOnlyForDeploymentPostprocessing = 0;
		};
/* End PBXSourcesBuildPhase section */

/* Begin PBXVariantGroup section */
		07EC03601D39E0C90088E5BE /* Main.storyboard */ = {
			isa = PBXVariantGroup;
			children = (
				07EC03611D39E0C90088E5BE /* Base */,
			);
			name = Main.storyboard;
			sourceTree = "<group>";
		};
		07EC03651D39E0C90088E5BE /* LaunchScreen.storyboard */ = {
			isa = PBXVariantGroup;
			children = (
				07EC03661D39E0C90088E5BE /* Base */,
			);
			name = LaunchScreen.storyboard;
			sourceTree = "<group>";
		};
/* End PBXVariantGroup section */

/* Begin XCBuildConfiguration section */
		07EC03691D39E0C90088E5BE /* Debug */ = {
			isa = XCBuildConfiguration;
			buildSettings = {
				ALWAYS_SEARCH_USER_PATHS = NO;
				CLANG_ANALYZER_NONNULL = YES;
				CLANG_CXX_LANGUAGE_STANDARD = "gnu++0x";
				CLANG_CXX_LIBRARY = "libc++";
				CLANG_ENABLE_MODULES = YES;
				CLANG_ENABLE_OBJC_ARC = YES;
				CLANG_WARN_BOOL_CONVERSION = YES;
				CLANG_WARN_CONSTANT_CONVERSION = YES;
				CLANG_WARN_DIRECT_OBJC_ISA_USAGE = YES_ERROR;
				CLANG_WARN_EMPTY_BODY = YES;
				CLANG_WARN_ENUM_CONVERSION = YES;
				CLANG_WARN_INT_CONVERSION = YES;
				CLANG_WARN_OBJC_ROOT_CLASS = YES_ERROR;
				CLANG_WARN_UNREACHABLE_CODE = YES;
				CLANG_WARN__DUPLICATE_METHOD_MATCH = YES;
				"CODE_SIGN_IDENTITY[sdk=iphoneos*]" = "iPhone Developer";
				COPY_PHASE_STRIP = NO;
				DEBUG_INFORMATION_FORMAT = dwarf;
				ENABLE_STRICT_OBJC_MSGSEND = YES;
				ENABLE_TESTABILITY = YES;
				GCC_C_LANGUAGE_STANDARD = gnu99;
				GCC_DYNAMIC_NO_PIC = NO;
				GCC_NO_COMMON_BLOCKS = YES;
				GCC_OPTIMIZATION_LEVEL = 0;
				GCC_PREPROCESSOR_DEFINITIONS = (
					"DEBUG=1",
					"$(inherited)",
				);
				GCC_WARN_64_TO_32_BIT_CONVERSION = YES;
				GCC_WARN_ABOUT_RETURN_TYPE = YES_ERROR;
				GCC_WARN_UNDECLARED_SELECTOR = YES;
				GCC_WARN_UNINITIALIZED_AUTOS = YES_AGGRESSIVE;
				GCC_WARN_UNUSED_FUNCTION = YES;
				GCC_WARN_UNUSED_VARIABLE = YES;
				IPHONEOS_DEPLOYMENT_TARGET = 9.3;
				MTL_ENABLE_DEBUG_INFO = YES;
				ONLY_ACTIVE_ARCH = YES;
				SDKROOT = iphoneos;
			};
			name = Debug;
		};
		07EC036A1D39E0C90088E5BE /* Release */ = {
			isa = XCBuildConfiguration;
			buildSettings = {
				ALWAYS_SEARCH_USER_PATHS = NO;
				CLANG_ANALYZER_NONNULL = YES;
				CLANG_CXX_LANGUAGE_STANDARD = "gnu++0x";
				CLANG_CXX_LIBRARY = "libc++";
				CLANG_ENABLE_MODULES = YES;
				CLANG_ENABLE_OBJC_ARC = YES;
				CLANG_WARN_BOOL_CONVERSION = YES;
				CLANG_WARN_CONSTANT_CONVERSION = YES;
				CLANG_WARN_DIRECT_OBJC_ISA_USAGE = YES_ERROR;
				CLANG_WARN_EMPTY_BODY = YES;
				CLANG_WARN_ENUM_CONVERSION = YES;
				CLANG_WARN_INT_CONVERSION = YES;
				CLANG_WARN_OBJC_ROOT_CLASS = YES_ERROR;
				CLANG_WARN_UNREACHABLE_CODE = YES;
				CLANG_WARN__DUPLICATE_METHOD_MATCH = YES;
				"CODE_SIGN_IDENTITY[sdk=iphoneos*]" = "iPhone Developer";
				COPY_PHASE_STRIP = NO;
				DEBUG_INFORMATION_FORMAT = "dwarf-with-dsym";
				ENABLE_NS_ASSERTIONS = NO;
				ENABLE_STRICT_OBJC_MSGSEND = YES;
				GCC_C_LANGUAGE_STANDARD = gnu99;
				GCC_NO_COMMON_BLOCKS = YES;
				GCC_WARN_64_TO_32_BIT_CONVERSION = YES;
				GCC_WARN_ABOUT_RETURN_TYPE = YES_ERROR;
				GCC_WARN_UNDECLARED_SELECTOR = YES;
				GCC_WARN_UNINITIALIZED_AUTOS = YES_AGGRESSIVE;
				GCC_WARN_UNUSED_FUNCTION = YES;
				GCC_WARN_UNUSED_VARIABLE = YES;
				IPHONEOS_DEPLOYMENT_TARGET = 9.3;
				MTL_ENABLE_DEBUG_INFO = NO;
				SDKROOT = iphoneos;
				VALIDATE_PRODUCT = YES;
			};
			name = Release;
		};
		07EC036C1D39E0C90088E5BE /* Debug */ = {
			isa = XCBuildConfiguration;
			baseConfigurationReference = CD435AA6A88C4875226EF910 /* Pods-HDTableViewMakerDemo.debug.xcconfig */;
			buildSettings = {
				CLANG_ALLOW_NON_MODULAR_INCLUDES_IN_FRAMEWORK_MODULES = YES;
				INFOPLIST_FILE = "$(SRCROOT)/HDTableViewMakerDemo/Info.plist";
				LD_RUNPATH_SEARCH_PATHS = "$(inherited) @executable_path/Frameworks";
				PRODUCT_BUNDLE_IDENTIFIER = com.abnerh.HDTableViewMakerDemo;
				PRODUCT_NAME = HDTableViewMakerDemo;
			};
			name = Debug;
		};
		07EC036D1D39E0C90088E5BE /* Release */ = {
			isa = XCBuildConfiguration;
			baseConfigurationReference = C5ACCCAC4C5AB4012E250B72 /* Pods-HDTableViewMakerDemo.release.xcconfig */;
			buildSettings = {
				CLANG_ALLOW_NON_MODULAR_INCLUDES_IN_FRAMEWORK_MODULES = YES;
				INFOPLIST_FILE = "$(SRCROOT)/HDTableViewMakerDemo/Info.plist";
				LD_RUNPATH_SEARCH_PATHS = "$(inherited) @executable_path/Frameworks";
				PRODUCT_BUNDLE_IDENTIFIER = com.abnerh.HDTableViewMakerDemo;
				PRODUCT_NAME = HDTableViewMakerDemo;
			};
			name = Release;
		};
/* End XCBuildConfiguration section */

/* Begin XCConfigurationList section */
		07EC034F1D39E0C80088E5BE /* Build configuration list for PBXProject "HDTableViewMakerDemo" */ = {
			isa = XCConfigurationList;
			buildConfigurations = (
				07EC03691D39E0C90088E5BE /* Debug */,
				07EC036A1D39E0C90088E5BE /* Release */,
			);
			defaultConfigurationIsVisible = 0;
			defaultConfigurationName = Release;
		};
		07EC036B1D39E0C90088E5BE /* Build configuration list for PBXNativeTarget "HDTableViewMakerDemo" */ = {
			isa = XCConfigurationList;
			buildConfigurations = (
				07EC036C1D39E0C90088E5BE /* Debug */,
				07EC036D1D39E0C90088E5BE /* Release */,
			);
			defaultConfigurationIsVisible = 0;
			defaultConfigurationName = Release;
		};
/* End XCConfigurationList section */
	};
	rootObject = 07EC034C1D39E0C80088E5BE /* Project object */;
}
